// !$*UTF8*$!
{
	archiveVersion = 1;
	classes = {
	};
	objectVersion = 46;
	objects = {

/* Begin PBXBuildFile section */
		F24100FE1AE41E4A004D0FD1 /* MainMenu.swift in Sources */ = {isa = PBXBuildFile; fileRef = F24100FD1AE41E4A004D0FD1 /* MainMenu.swift */; };
		F24100FF1AE41E4A004D0FD1 /* MainMenu.swift in Sources */ = {isa = PBXBuildFile; fileRef = F24100FD1AE41E4A004D0FD1 /* MainMenu.swift */; };
		F24101011AE4294C004D0FD1 /* StoryBoardKeys.swift in Sources */ = {isa = PBXBuildFile; fileRef = F24101001AE4294C004D0FD1 /* StoryBoardKeys.swift */; };
		F24101021AE4294C004D0FD1 /* StoryBoardKeys.swift in Sources */ = {isa = PBXBuildFile; fileRef = F24101001AE4294C004D0FD1 /* StoryBoardKeys.swift */; };
		F29B6D941ADEE1E3005504AE /* AppDelegate.swift in Sources */ = {isa = PBXBuildFile; fileRef = F29B6D931ADEE1E3005504AE /* AppDelegate.swift */; };
		F29B6D961ADEE1E3005504AE /* MasterViewController.swift in Sources */ = {isa = PBXBuildFile; fileRef = F29B6D951ADEE1E3005504AE /* MasterViewController.swift */; };
		F29B6D981ADEE1E3005504AE /* DetailViewController.swift in Sources */ = {isa = PBXBuildFile; fileRef = F29B6D971ADEE1E3005504AE /* DetailViewController.swift */; };
		F29B6D9B1ADEE1E3005504AE /* Main.storyboard in Resources */ = {isa = PBXBuildFile; fileRef = F29B6D991ADEE1E3005504AE /* Main.storyboard */; };
		F29B6D9D1ADEE1E3005504AE /* Images.xcassets in Resources */ = {isa = PBXBuildFile; fileRef = F29B6D9C1ADEE1E3005504AE /* Images.xcassets */; };
		F29B6DA01ADEE1E3005504AE /* LaunchScreen.xib in Resources */ = {isa = PBXBuildFile; fileRef = F29B6D9E1ADEE1E3005504AE /* LaunchScreen.xib */; };
		F29B6DAC1ADEE1E3005504AE /* CreationTests.swift in Sources */ = {isa = PBXBuildFile; fileRef = F29B6DAB1ADEE1E3005504AE /* CreationTests.swift */; };
		F2B699CC1AEBABA400A102AF /* PersonalDetails.swift in Sources */ = {isa = PBXBuildFile; fileRef = F2B699CB1AEBABA400A102AF /* PersonalDetails.swift */; };
		F2B699CD1AEBABA400A102AF /* PersonalDetails.swift in Sources */ = {isa = PBXBuildFile; fileRef = F2B699CB1AEBABA400A102AF /* PersonalDetails.swift */; };
		F2B699D81AEBACF400A102AF /* Hobby.swift in Sources */ = {isa = PBXBuildFile; fileRef = F2B699D71AEBACF400A102AF /* Hobby.swift */; };
		F2B699D91AEBACF400A102AF /* Hobby.swift in Sources */ = {isa = PBXBuildFile; fileRef = F2B699D71AEBACF400A102AF /* Hobby.swift */; };
		F2B699DF1AEBAD3D00A102AF /* Qualification.swift in Sources */ = {isa = PBXBuildFile; fileRef = F2B699DB1AEBAD3D00A102AF /* Qualification.swift */; };
		F2B699E01AEBAD3D00A102AF /* Qualification.swift in Sources */ = {isa = PBXBuildFile; fileRef = F2B699DB1AEBAD3D00A102AF /* Qualification.swift */; };
		F2B699E11AEBAD3D00A102AF /* WorkExperience.swift in Sources */ = {isa = PBXBuildFile; fileRef = F2B699DC1AEBAD3D00A102AF /* WorkExperience.swift */; };
		F2B699E21AEBAD3D00A102AF /* WorkExperience.swift in Sources */ = {isa = PBXBuildFile; fileRef = F2B699DC1AEBAD3D00A102AF /* WorkExperience.swift */; };
		F2B699E41AEBAD9000A102AF /* Project.swift in Sources */ = {isa = PBXBuildFile; fileRef = F2B699E31AEBAD9000A102AF /* Project.swift */; };
		F2B699E51AEBAD9000A102AF /* Project.swift in Sources */ = {isa = PBXBuildFile; fileRef = F2B699E31AEBAD9000A102AF /* Project.swift */; };
		F2B699EB1AEBB18A00A102AF /* DataLoader.swift in Sources */ = {isa = PBXBuildFile; fileRef = F2B699EA1AEBB18A00A102AF /* DataLoader.swift */; };
		F2B699EC1AEBB18A00A102AF /* DataLoader.swift in Sources */ = {isa = PBXBuildFile; fileRef = F2B699EA1AEBB18A00A102AF /* DataLoader.swift */; };
		F2B699EE1AEBB19700A102AF /* DataModel.swift in Sources */ = {isa = PBXBuildFile; fileRef = F2B699ED1AEBB19700A102AF /* DataModel.swift */; };
		F2B699EF1AEBB19700A102AF /* DataModel.swift in Sources */ = {isa = PBXBuildFile; fileRef = F2B699ED1AEBB19700A102AF /* DataModel.swift */; };
		F2B699F11AEBE61400A102AF /* JsonKeys.swift in Sources */ = {isa = PBXBuildFile; fileRef = F2B699F01AEBE61400A102AF /* JsonKeys.swift */; };
		F2B699F21AEBE61400A102AF /* JsonKeys.swift in Sources */ = {isa = PBXBuildFile; fileRef = F2B699F01AEBE61400A102AF /* JsonKeys.swift */; };
		F2C2661B1AFE71FB00CD5D88 /* Questrial-Regular.otf in Resources */ = {isa = PBXBuildFile; fileRef = F2C2661A1AFE71FB00CD5D88 /* Questrial-Regular.otf */; };
		F2C2661C1AFE71FB00CD5D88 /* Questrial-Regular.otf in Resources */ = {isa = PBXBuildFile; fileRef = F2C2661A1AFE71FB00CD5D88 /* Questrial-Regular.otf */; };
		F2C2661F1AFE735800CD5D88 /* Colours.swift in Sources */ = {isa = PBXBuildFile; fileRef = F2C2661E1AFE735800CD5D88 /* Colours.swift */; };
		F2C266201AFE735800CD5D88 /* Colours.swift in Sources */ = {isa = PBXBuildFile; fileRef = F2C2661E1AFE735800CD5D88 /* Colours.swift */; };
		F2E5CD011AFA9A0800E49203 /* GraphicsConfig.swift in Sources */ = {isa = PBXBuildFile; fileRef = F2E5CCFF1AFA9A0800E49203 /* GraphicsConfig.swift */; };
		F2E5CD021AFA9A0800E49203 /* GraphicsConfig.swift in Sources */ = {isa = PBXBuildFile; fileRef = F2E5CCFF1AFA9A0800E49203 /* GraphicsConfig.swift */; };
		F2E5CD031AFA9A0800E49203 /* WorkExperienceTable.swift in Sources */ = {isa = PBXBuildFile; fileRef = F2E5CD001AFA9A0800E49203 /* WorkExperienceTable.swift */; };
		F2E5CD041AFA9A0800E49203 /* WorkExperienceTable.swift in Sources */ = {isa = PBXBuildFile; fileRef = F2E5CD001AFA9A0800E49203 /* WorkExperienceTable.swift */; };
		F2E5CD081AFA9C1E00E49203 /* WorkExperienceTableCell.swift in Sources */ = {isa = PBXBuildFile; fileRef = F2E5CD071AFA9C1E00E49203 /* WorkExperienceTableCell.swift */; };
		F2E5CD091AFA9C1E00E49203 /* WorkExperienceTableCell.swift in Sources */ = {isa = PBXBuildFile; fileRef = F2E5CD071AFA9C1E00E49203 /* WorkExperienceTableCell.swift */; };
/* End PBXBuildFile section */

/* Begin PBXContainerItemProxy section */
		F29B6DA61ADEE1E3005504AE /* PBXContainerItemProxy */ = {
			isa = PBXContainerItemProxy;
			containerPortal = F29B6D861ADEE1E3005504AE /* Project object */;
			proxyType = 1;
			remoteGlobalIDString = F29B6D8D1ADEE1E3005504AE;
			remoteInfo = Creation;
		};
/* End PBXContainerItemProxy section */

/* Begin PBXFileReference section */
		F24100FD1AE41E4A004D0FD1 /* MainMenu.swift */ = {isa = PBXFileReference; fileEncoding = 4; lastKnownFileType = sourcecode.swift; name = MainMenu.swift; path = ViewModel/MainMenu.swift; sourceTree = "<group>"; };
		F24101001AE4294C004D0FD1 /* StoryBoardKeys.swift */ = {isa = PBXFileReference; fileEncoding = 4; lastKnownFileType = sourcecode.swift; name = StoryBoardKeys.swift; path = Presentation/StoryBoardKeys.swift; sourceTree = "<group>"; };
		F29B6D8E1ADEE1E3005504AE /* Creation.app */ = {isa = PBXFileReference; explicitFileType = wrapper.application; includeInIndex = 0; path = Creation.app; sourceTree = BUILT_PRODUCTS_DIR; };
		F29B6D921ADEE1E3005504AE /* Info.plist */ = {isa = PBXFileReference; lastKnownFileType = text.plist.xml; path = Info.plist; sourceTree = "<group>"; };
		F29B6D931ADEE1E3005504AE /* AppDelegate.swift */ = {isa = PBXFileReference; lastKnownFileType = sourcecode.swift; name = AppDelegate.swift; path = Creation/AppDelegate.swift; sourceTree = "<group>"; };
		F29B6D951ADEE1E3005504AE /* MasterViewController.swift */ = {isa = PBXFileReference; lastKnownFileType = sourcecode.swift; name = MasterViewController.swift; path = Creation/MasterViewController.swift; sourceTree = "<group>"; };
		F29B6D971ADEE1E3005504AE /* DetailViewController.swift */ = {isa = PBXFileReference; lastKnownFileType = sourcecode.swift; name = DetailViewController.swift; path = Creation/DetailViewController.swift; sourceTree = "<group>"; };
		F29B6D9A1ADEE1E3005504AE /* Base */ = {isa = PBXFileReference; lastKnownFileType = file.storyboard; name = Base; path = Base.lproj/Main.storyboard; sourceTree = "<group>"; };
		F29B6D9C1ADEE1E3005504AE /* Images.xcassets */ = {isa = PBXFileReference; lastKnownFileType = folder.assetcatalog; name = Images.xcassets; path = Creation/Images.xcassets; sourceTree = "<group>"; };
		F29B6D9F1ADEE1E3005504AE /* Base */ = {isa = PBXFileReference; lastKnownFileType = file.xib; name = Base; path = Base.lproj/LaunchScreen.xib; sourceTree = "<group>"; };
		F29B6DA51ADEE1E3005504AE /* CreationTests.xctest */ = {isa = PBXFileReference; explicitFileType = wrapper.cfbundle; includeInIndex = 0; path = CreationTests.xctest; sourceTree = BUILT_PRODUCTS_DIR; };
		F29B6DAA1ADEE1E3005504AE /* Info.plist */ = {isa = PBXFileReference; lastKnownFileType = text.plist.xml; path = Info.plist; sourceTree = "<group>"; };
		F29B6DAB1ADEE1E3005504AE /* CreationTests.swift */ = {isa = PBXFileReference; lastKnownFileType = sourcecode.swift; path = CreationTests.swift; sourceTree = "<group>"; };
		F2B699CB1AEBABA400A102AF /* PersonalDetails.swift */ = {isa = PBXFileReference; fileEncoding = 4; lastKnownFileType = sourcecode.swift; name = PersonalDetails.swift; path = Model/PersonalDetails.swift; sourceTree = "<group>"; };
		F2B699D71AEBACF400A102AF /* Hobby.swift */ = {isa = PBXFileReference; fileEncoding = 4; lastKnownFileType = sourcecode.swift; name = Hobby.swift; path = Model/Hobby.swift; sourceTree = "<group>"; };
		F2B699DB1AEBAD3D00A102AF /* Qualification.swift */ = {isa = PBXFileReference; fileEncoding = 4; lastKnownFileType = sourcecode.swift; name = Qualification.swift; path = Model/Qualification.swift; sourceTree = "<group>"; };
		F2B699DC1AEBAD3D00A102AF /* WorkExperience.swift */ = {isa = PBXFileReference; fileEncoding = 4; lastKnownFileType = sourcecode.swift; name = WorkExperience.swift; path = Model/WorkExperience.swift; sourceTree = "<group>"; };
		F2B699E31AEBAD9000A102AF /* Project.swift */ = {isa = PBXFileReference; fileEncoding = 4; lastKnownFileType = sourcecode.swift; name = Project.swift; path = Model/Project.swift; sourceTree = "<group>"; };
		F2B699EA1AEBB18A00A102AF /* DataLoader.swift */ = {isa = PBXFileReference; fileEncoding = 4; lastKnownFileType = sourcecode.swift; name = DataLoader.swift; path = Services/DataLoader.swift; sourceTree = "<group>"; };
		F2B699ED1AEBB19700A102AF /* DataModel.swift */ = {isa = PBXFileReference; fileEncoding = 4; lastKnownFileType = sourcecode.swift; name = DataModel.swift; path = Model/DataModel.swift; sourceTree = "<group>"; };
		F2B699F01AEBE61400A102AF /* JsonKeys.swift */ = {isa = PBXFileReference; fileEncoding = 4; lastKnownFileType = sourcecode.swift; name = JsonKeys.swift; path = Services/JsonKeys.swift; sourceTree = "<group>"; };
		F2C2661A1AFE71FB00CD5D88 /* Questrial-Regular.otf */ = {isa = PBXFileReference; lastKnownFileType = file; path = "Questrial-Regular.otf"; sourceTree = "<group>"; };
		F2C2661E1AFE735800CD5D88 /* Colours.swift */ = {isa = PBXFileReference; fileEncoding = 4; lastKnownFileType = sourcecode.swift; name = Colours.swift; path = Presentation/Colours.swift; sourceTree = "<group>"; };
		F2E5CCFF1AFA9A0800E49203 /* GraphicsConfig.swift */ = {isa = PBXFileReference; fileEncoding = 4; lastKnownFileType = sourcecode.swift; name = GraphicsConfig.swift; path = Presentation/GraphicsConfig.swift; sourceTree = "<group>"; };
		F2E5CD001AFA9A0800E49203 /* WorkExperienceTable.swift */ = {isa = PBXFileReference; fileEncoding = 4; lastKnownFileType = sourcecode.swift; name = WorkExperienceTable.swift; path = Presentation/WorkExperienceTable.swift; sourceTree = "<group>"; };
		F2E5CD071AFA9C1E00E49203 /* WorkExperienceTableCell.swift */ = {isa = PBXFileReference; fileEncoding = 4; lastKnownFileType = sourcecode.swift; name = WorkExperienceTableCell.swift; path = TableViews/TableViewCells/WorkExperienceTableCell.swift; sourceTree = "<group>"; };
/* End PBXFileReference section */

/* Begin PBXFrameworksBuildPhase section */
		F29B6D8B1ADEE1E3005504AE /* Frameworks */ = {
			isa = PBXFrameworksBuildPhase;
			buildActionMask = 2147483647;
			files = (
			);
			runOnlyForDeploymentPostprocessing = 0;
		};
		F29B6DA21ADEE1E3005504AE /* Frameworks */ = {
			isa = PBXFrameworksBuildPhase;
			buildActionMask = 2147483647;
			files = (
			);
			runOnlyForDeploymentPostprocessing = 0;
		};
/* End PBXFrameworksBuildPhase section */

/* Begin PBXGroup section */
		F24100F91AE3D7C4004D0FD1 /* Presentation */ = {
			isa = PBXGroup;
			children = (
				F2E5CD051AFA9B7900E49203 /* TableViews */,
				F2E5CCFF1AFA9A0800E49203 /* GraphicsConfig.swift */,
				F29B6D951ADEE1E3005504AE /* MasterViewController.swift */,
				F29B6D971ADEE1E3005504AE /* DetailViewController.swift */,
				F29B6D991ADEE1E3005504AE /* Main.storyboard */,
				F29B6D9C1ADEE1E3005504AE /* Images.xcassets */,
				F29B6D9E1ADEE1E3005504AE /* LaunchScreen.xib */,
				F24101001AE4294C004D0FD1 /* StoryBoardKeys.swift */,
			);
			name = Presentation;
			sourceTree = "<group>";
		};
		F24100FB1AE3D9A2004D0FD1 /* Model */ = {
			isa = PBXGroup;
			children = (
				F2B699ED1AEBB19700A102AF /* DataModel.swift */,
				F2B699CB1AEBABA400A102AF /* PersonalDetails.swift */,
				F2B699DB1AEBAD3D00A102AF /* Qualification.swift */,
				F2B699DC1AEBAD3D00A102AF /* WorkExperience.swift */,
				F2B699D71AEBACF400A102AF /* Hobby.swift */,
				F2B699E31AEBAD9000A102AF /* Project.swift */,
			);
			name = Model;
			sourceTree = "<group>";
		};
		F24100FC1AE41DB1004D0FD1 /* ViewModel */ = {
			isa = PBXGroup;
			children = (
				F24100FD1AE41E4A004D0FD1 /* MainMenu.swift */,
			);
			name = ViewModel;
			sourceTree = "<group>";
		};
		F29B6D851ADEE1E3005504AE = {
			isa = PBXGroup;
			children = (
				F2C2661E1AFE735800CD5D88 /* Colours.swift */,
				F2C2661D1AFE720000CD5D88 /* fonts */,
				F2B699E61AEBB0CB00A102AF /* Services */,
				F29B6D931ADEE1E3005504AE /* AppDelegate.swift */,
				F29B6D911ADEE1E3005504AE /* Supporting Files */,
				F24100FB1AE3D9A2004D0FD1 /* Model */,
				F24100F91AE3D7C4004D0FD1 /* Presentation */,
				F24100FC1AE41DB1004D0FD1 /* ViewModel */,
				F29B6DA81ADEE1E3005504AE /* CreationTests */,
				F29B6D8F1ADEE1E3005504AE /* Products */,
			);
			sourceTree = "<group>";
		};
		F29B6D8F1ADEE1E3005504AE /* Products */ = {
			isa = PBXGroup;
			children = (
				F29B6D8E1ADEE1E3005504AE /* Creation.app */,
				F29B6DA51ADEE1E3005504AE /* CreationTests.xctest */,
			);
			name = Products;
			sourceTree = "<group>";
		};
		F29B6D911ADEE1E3005504AE /* Supporting Files */ = {
			isa = PBXGroup;
			children = (
				F29B6D921ADEE1E3005504AE /* Info.plist */,
			);
			name = "Supporting Files";
			path = Creation;
			sourceTree = "<group>";
		};
		F29B6DA81ADEE1E3005504AE /* CreationTests */ = {
			isa = PBXGroup;
			children = (
				F29B6DAB1ADEE1E3005504AE /* CreationTests.swift */,
				F29B6DA91ADEE1E3005504AE /* Supporting Files */,
			);
			path = CreationTests;
			sourceTree = "<group>";
		};
		F29B6DA91ADEE1E3005504AE /* Supporting Files */ = {
			isa = PBXGroup;
			children = (
				F29B6DAA1ADEE1E3005504AE /* Info.plist */,
			);
			name = "Supporting Files";
			sourceTree = "<group>";
		};
		F2B699E61AEBB0CB00A102AF /* Services */ = {
			isa = PBXGroup;
			children = (
				F2B699EA1AEBB18A00A102AF /* DataLoader.swift */,
				F2B699F01AEBE61400A102AF /* JsonKeys.swift */,
			);
			name = Services;
			sourceTree = "<group>";
		};
		F2C2661D1AFE720000CD5D88 /* fonts */ = {
			isa = PBXGroup;
			children = (
				F2C2661A1AFE71FB00CD5D88 /* Questrial-Regular.otf */,
			);
			name = fonts;
			sourceTree = "<group>";
		};
		F2E5CD051AFA9B7900E49203 /* TableViews */ = {
			isa = PBXGroup;
			children = (
				F2E5CD001AFA9A0800E49203 /* WorkExperienceTable.swift */,
				F2E5CD061AFA9B8500E49203 /* TableViewCells */,
			);
			name = TableViews;
			sourceTree = "<group>";
		};
		F2E5CD061AFA9B8500E49203 /* TableViewCells */ = {
			isa = PBXGroup;
			children = (
				F2E5CD071AFA9C1E00E49203 /* WorkExperienceTableCell.swift */,
			);
			name = TableViewCells;
			sourceTree = "<group>";
		};
/* End PBXGroup section */

/* Begin PBXNativeTarget section */
		F29B6D8D1ADEE1E3005504AE /* Creation */ = {
			isa = PBXNativeTarget;
			buildConfigurationList = F29B6DAF1ADEE1E3005504AE /* Build configuration list for PBXNativeTarget "Creation" */;
			buildPhases = (
				F29B6D8A1ADEE1E3005504AE /* Sources */,
				F29B6D8B1ADEE1E3005504AE /* Frameworks */,
				F29B6D8C1ADEE1E3005504AE /* Resources */,
			);
			buildRules = (
			);
			dependencies = (
			);
			name = Creation;
			productName = Creation;
			productReference = F29B6D8E1ADEE1E3005504AE /* Creation.app */;
			productType = "com.apple.product-type.application";
		};
		F29B6DA41ADEE1E3005504AE /* CreationTests */ = {
			isa = PBXNativeTarget;
			buildConfigurationList = F29B6DB21ADEE1E3005504AE /* Build configuration list for PBXNativeTarget "CreationTests" */;
			buildPhases = (
				F29B6DA11ADEE1E3005504AE /* Sources */,
				F29B6DA21ADEE1E3005504AE /* Frameworks */,
				F29B6DA31ADEE1E3005504AE /* Resources */,
			);
			buildRules = (
			);
			dependencies = (
				F29B6DA71ADEE1E3005504AE /* PBXTargetDependency */,
			);
			name = CreationTests;
			productName = CreationTests;
			productReference = F29B6DA51ADEE1E3005504AE /* CreationTests.xctest */;
			productType = "com.apple.product-type.bundle.unit-test";
		};
/* End PBXNativeTarget section */

/* Begin PBXProject section */
		F29B6D861ADEE1E3005504AE /* Project object */ = {
			isa = PBXProject;
			attributes = {
				LastUpgradeCheck = 0630;
				ORGANIZATIONNAME = "Daniel Creagh";
				TargetAttributes = {
					F29B6D8D1ADEE1E3005504AE = {
						CreatedOnToolsVersion = 6.3;
						DevelopmentTeam = E68QAAURD5;
					};
					F29B6DA41ADEE1E3005504AE = {
						CreatedOnToolsVersion = 6.3;
						TestTargetID = F29B6D8D1ADEE1E3005504AE;
					};
				};
			};
			buildConfigurationList = F29B6D891ADEE1E3005504AE /* Build configuration list for PBXProject "Creation" */;
			compatibilityVersion = "Xcode 3.2";
			developmentRegion = English;
			hasScannedForEncodings = 0;
			knownRegions = (
				en,
				Base,
			);
			mainGroup = F29B6D851ADEE1E3005504AE;
			productRefGroup = F29B6D8F1ADEE1E3005504AE /* Products */;
			projectDirPath = "";
			projectRoot = "";
			targets = (
				F29B6D8D1ADEE1E3005504AE /* Creation */,
				F29B6DA41ADEE1E3005504AE /* CreationTests */,
			);
		};
/* End PBXProject section */

/* Begin PBXResourcesBuildPhase section */
		F29B6D8C1ADEE1E3005504AE /* Resources */ = {
			isa = PBXResourcesBuildPhase;
			buildActionMask = 2147483647;
			files = (
				F29B6D9B1ADEE1E3005504AE /* Main.storyboard in Resources */,
				F2C2661B1AFE71FB00CD5D88 /* Questrial-Regular.otf in Resources */,
				F29B6DA01ADEE1E3005504AE /* LaunchScreen.xib in Resources */,
				F29B6D9D1ADEE1E3005504AE /* Images.xcassets in Resources */,
			);
			runOnlyForDeploymentPostprocessing = 0;
		};
		F29B6DA31ADEE1E3005504AE /* Resources */ = {
			isa = PBXResourcesBuildPhase;
			buildActionMask = 2147483647;
			files = (
				F2C2661C1AFE71FB00CD5D88 /* Questrial-Regular.otf in Resources */,
			);
			runOnlyForDeploymentPostprocessing = 0;
		};
/* End PBXResourcesBuildPhase section */

/* Begin PBXSourcesBuildPhase section */
		F29B6D8A1ADEE1E3005504AE /* Sources */ = {
			isa = PBXSourcesBuildPhase;
			buildActionMask = 2147483647;
			files = (
				F29B6D981ADEE1E3005504AE /* DetailViewController.swift in Sources */,
				F29B6D961ADEE1E3005504AE /* MasterViewController.swift in Sources */,
				F29B6D941ADEE1E3005504AE /* AppDelegate.swift in Sources */,
				F24100FE1AE41E4A004D0FD1 /* MainMenu.swift in Sources */,
				F2B699D81AEBACF400A102AF /* Hobby.swift in Sources */,
				F2C2661F1AFE735800CD5D88 /* Colours.swift in Sources */,
				F2B699EE1AEBB19700A102AF /* DataModel.swift in Sources */,
				F2E5CD031AFA9A0800E49203 /* WorkExperienceTable.swift in Sources */,
				F24101011AE4294C004D0FD1 /* StoryBoardKeys.swift in Sources */,
				F2B699E11AEBAD3D00A102AF /* WorkExperience.swift in Sources */,
				F2B699EB1AEBB18A00A102AF /* DataLoader.swift in Sources */,
				F2B699DF1AEBAD3D00A102AF /* Qualification.swift in Sources */,
				F2E5CD081AFA9C1E00E49203 /* WorkExperienceTableCell.swift in Sources */,
				F2B699F11AEBE61400A102AF /* JsonKeys.swift in Sources */,
				F2B699CC1AEBABA400A102AF /* PersonalDetails.swift in Sources */,
				F2E5CD011AFA9A0800E49203 /* GraphicsConfig.swift in Sources */,
				F2B699E41AEBAD9000A102AF /* Project.swift in Sources */,
			);
			runOnlyForDeploymentPostprocessing = 0;
		};
		F29B6DA11ADEE1E3005504AE /* Sources */ = {
			isa = PBXSourcesBuildPhase;
			buildActionMask = 2147483647;
			files = (
				F2B699EC1AEBB18A00A102AF /* DataLoader.swift in Sources */,
				F2C266201AFE735800CD5D88 /* Colours.swift in Sources */,
				F29B6DAC1ADEE1E3005504AE /* CreationTests.swift in Sources */,
				F2E5CD021AFA9A0800E49203 /* GraphicsConfig.swift in Sources */,
				F2B699EF1AEBB19700A102AF /* DataModel.swift in Sources */,
				F2B699E21AEBAD3D00A102AF /* WorkExperience.swift in Sources */,
				F2B699E51AEBAD9000A102AF /* Project.swift in Sources */,
				F24101021AE4294C004D0FD1 /* StoryBoardKeys.swift in Sources */,
				F2E5CD041AFA9A0800E49203 /* WorkExperienceTable.swift in Sources */,
				F2B699D91AEBACF400A102AF /* Hobby.swift in Sources */,
				F24100FF1AE41E4A004D0FD1 /* MainMenu.swift in Sources */,
				F2B699CD1AEBABA400A102AF /* PersonalDetails.swift in Sources */,
				F2E5CD091AFA9C1E00E49203 /* WorkExperienceTableCell.swift in Sources */,
				F2B699E01AEBAD3D00A102AF /* Qualification.swift in Sources */,
				F2B699F21AEBE61400A102AF /* JsonKeys.swift in Sources */,
			);
			runOnlyForDeploymentPostprocessing = 0;
		};
/* End PBXSourcesBuildPhase section */

/* Begin PBXTargetDependency section */
		F29B6DA71ADEE1E3005504AE /* PBXTargetDependency */ = {
			isa = PBXTargetDependency;
			target = F29B6D8D1ADEE1E3005504AE /* Creation */;
			targetProxy = F29B6DA61ADEE1E3005504AE /* PBXContainerItemProxy */;
		};
/* End PBXTargetDependency section */

/* Begin PBXVariantGroup section */
		F29B6D991ADEE1E3005504AE /* Main.storyboard */ = {
			isa = PBXVariantGroup;
			children = (
				F29B6D9A1ADEE1E3005504AE /* Base */,
			);
			name = Main.storyboard;
			path = Creation;
			sourceTree = "<group>";
		};
		F29B6D9E1ADEE1E3005504AE /* LaunchScreen.xib */ = {
			isa = PBXVariantGroup;
			children = (
				F29B6D9F1ADEE1E3005504AE /* Base */,
			);
			name = LaunchScreen.xib;
			path = Creation;
			sourceTree = "<group>";
		};
/* End PBXVariantGroup section */

/* Begin XCBuildConfiguration section */
		F29B6DAD1ADEE1E3005504AE /* Debug */ = {
			isa = XCBuildConfiguration;
			buildSettings = {
				ALWAYS_SEARCH_USER_PATHS = NO;
				CLANG_CXX_LANGUAGE_STANDARD = "gnu++0x";
				CLANG_CXX_LIBRARY = "libc++";
				CLANG_ENABLE_MODULES = YES;
				CLANG_ENABLE_OBJC_ARC = YES;
				CLANG_WARN_BOOL_CONVERSION = YES;
				CLANG_WARN_CONSTANT_CONVERSION = YES;
				CLANG_WARN_DIRECT_OBJC_ISA_USAGE = YES_ERROR;
				CLANG_WARN_EMPTY_BODY = YES;
				CLANG_WARN_ENUM_CONVERSION = YES;
				CLANG_WARN_INT_CONVERSION = YES;
				CLANG_WARN_OBJC_ROOT_CLASS = YES_ERROR;
				CLANG_WARN_UNREACHABLE_CODE = YES;
				CLANG_WARN__DUPLICATE_METHOD_MATCH = YES;
				"CODE_SIGN_IDENTITY[sdk=iphoneos*]" = "iPhone Developer";
				COPY_PHASE_STRIP = NO;
				DEBUG_INFORMATION_FORMAT = "dwarf-with-dsym";
				ENABLE_STRICT_OBJC_MSGSEND = YES;
				GCC_C_LANGUAGE_STANDARD = gnu99;
				GCC_DYNAMIC_NO_PIC = NO;
				GCC_NO_COMMON_BLOCKS = YES;
				GCC_OPTIMIZATION_LEVEL = 0;
				GCC_PREPROCESSOR_DEFINITIONS = (
					"DEBUG=1",
					"$(inherited)",
				);
				GCC_SYMBOLS_PRIVATE_EXTERN = NO;
				GCC_WARN_64_TO_32_BIT_CONVERSION = YES;
				GCC_WARN_ABOUT_RETURN_TYPE = YES_ERROR;
				GCC_WARN_UNDECLARED_SELECTOR = YES;
				GCC_WARN_UNINITIALIZED_AUTOS = YES_AGGRESSIVE;
				GCC_WARN_UNUSED_FUNCTION = YES;
				GCC_WARN_UNUSED_VARIABLE = YES;
				IPHONEOS_DEPLOYMENT_TARGET = 8.3;
				MTL_ENABLE_DEBUG_INFO = YES;
				ONLY_ACTIVE_ARCH = YES;
				SDKROOT = iphoneos;
				SWIFT_OPTIMIZATION_LEVEL = "-Onone";
				TARGETED_DEVICE_FAMILY = "1,2";
			};
			name = Debug;
		};
		F29B6DAE1ADEE1E3005504AE /* Release */ = {
			isa = XCBuildConfiguration;
			buildSettings = {
				ALWAYS_SEARCH_USER_PATHS = NO;
				CLANG_CXX_LANGUAGE_STANDARD = "gnu++0x";
				CLANG_CXX_LIBRARY = "libc++";
				CLANG_ENABLE_MODULES = YES;
				CLANG_ENABLE_OBJC_ARC = YES;
				CLANG_WARN_BOOL_CONVERSION = YES;
				CLANG_WARN_CONSTANT_CONVERSION = YES;
				CLANG_WARN_DIRECT_OBJC_ISA_USAGE = YES_ERROR;
				CLANG_WARN_EMPTY_BODY = YES;
				CLANG_WARN_ENUM_CONVERSION = YES;
				CLANG_WARN_INT_CONVERSION = YES;
				CLANG_WARN_OBJC_ROOT_CLASS = YES_ERROR;
				CLANG_WARN_UNREACHABLE_CODE = YES;
				CLANG_WARN__DUPLICATE_METHOD_MATCH = YES;
				"CODE_SIGN_IDENTITY[sdk=iphoneos*]" = "iPhone Developer";
				COPY_PHASE_STRIP = NO;
				DEBUG_INFORMATION_FORMAT = "dwarf-with-dsym";
				ENABLE_NS_ASSERTIONS = NO;
				ENABLE_STRICT_OBJC_MSGSEND = YES;
				GCC_C_LANGUAGE_STANDARD = gnu99;
				GCC_NO_COMMON_BLOCKS = YES;
				GCC_WARN_64_TO_32_BIT_CONVERSION = YES;
				GCC_WARN_ABOUT_RETURN_TYPE = YES_ERROR;
				GCC_WARN_UNDECLARED_SELECTOR = YES;
				GCC_WARN_UNINITIALIZED_AUTOS = YES_AGGRESSIVE;
				GCC_WARN_UNUSED_FUNCTION = YES;
				GCC_WARN_UNUSED_VARIABLE = YES;
				IPHONEOS_DEPLOYMENT_TARGET = 8.3;
				MTL_ENABLE_DEBUG_INFO = NO;
				SDKROOT = iphoneos;
				TARGETED_DEVICE_FAMILY = "1,2";
				VALIDATE_PRODUCT = YES;
			};
			name = Release;
		};
		F29B6DB01ADEE1E3005504AE /* Debug */ = {
			isa = XCBuildConfiguration;
			buildSettings = {
				ASSETCATALOG_COMPILER_APPICON_NAME = AppIcon;
				CODE_SIGN_IDENTITY = "iPhone Developer";
				"CODE_SIGN_IDENTITY[sdk=iphoneos*]" = "iPhone Developer";
				INFOPLIST_FILE = Creation/Info.plist;
				LD_RUNPATH_SEARCH_PATHS = "$(inherited) @executable_path/Frameworks";
				PRODUCT_NAME = "$(TARGET_NAME)";
				PROVISIONING_PROFILE = "";
			};
			name = Debug;
		};
		F29B6DB11ADEE1E3005504AE /* Release */ = {
			isa = XCBuildConfiguration;
			buildSettings = {
				ASSETCATALOG_COMPILER_APPICON_NAME = AppIcon;
				CODE_SIGN_IDENTITY = "iPhone Developer";
				"CODE_SIGN_IDENTITY[sdk=iphoneos*]" = "iPhone Developer";
				INFOPLIST_FILE = Creation/Info.plist;
				LD_RUNPATH_SEARCH_PATHS = "$(inherited) @executable_path/Frameworks";
				PRODUCT_NAME = "$(TARGET_NAME)";
				PROVISIONING_PROFILE = "";
			};
			name = Release;
		};
		F29B6DB31ADEE1E3005504AE /* Debug */ = {
			isa = XCBuildConfiguration;
			buildSettings = {
				BUNDLE_LOADER = "$(TEST_HOST)";
				FRAMEWORK_SEARCH_PATHS = (
					"$(SDKROOT)/Developer/Library/Frameworks",
					"$(inherited)",
				);
				GCC_PREPROCESSOR_DEFINITIONS = (
					"DEBUG=1",
					"$(inherited)",
				);
				INFOPLIST_FILE = CreationTests/Info.plist;
				LD_RUNPATH_SEARCH_PATHS = "$(inherited) @executable_path/Frameworks @loader_path/Frameworks";
				PRODUCT_NAME = "$(TARGET_NAME)";
				TEST_HOST = "$(BUILT_PRODUCTS_DIR)/Creation.app/Creation";
			};
			name = Debug;
		};
		F29B6DB41ADEE1E3005504AE /* Release */ = {
			isa = XCBuildConfiguration;
			buildSettings = {
				BUNDLE_LOADER = "$(TEST_HOST)";
				FRAMEWORK_SEARCH_PATHS = (
					"$(SDKROOT)/Developer/Library/Frameworks",
					"$(inherited)",
				);
				INFOPLIST_FILE = CreationTests/Info.plist;
				LD_RUNPATH_SEARCH_PATHS = "$(inherited) @executable_path/Frameworks @loader_path/Frameworks";
				PRODUCT_NAME = "$(TARGET_NAME)";
				TEST_HOST = "$(BUILT_PRODUCTS_DIR)/Creation.app/Creation";
			};
			name = Release;
		};
/* End XCBuildConfiguration section */

/* Begin XCConfigurationList section */
		F29B6D891ADEE1E3005504AE /* Build configuration list for PBXProject "Creation" */ = {
			isa = XCConfigurationList;
			buildConfigurations = (
				F29B6DAD1ADEE1E3005504AE /* Debug */,
				F29B6DAE1ADEE1E3005504AE /* Release */,
			);
			defaultConfigurationIsVisible = 0;
			defaultConfigurationName = Release;
		};
		F29B6DAF1ADEE1E3005504AE /* Build configuration list for PBXNativeTarget "Creation" */ = {
			isa = XCConfigurationList;
			buildConfigurations = (
				F29B6DB01ADEE1E3005504AE /* Debug */,
				F29B6DB11ADEE1E3005504AE /* Release */,
			);
			defaultConfigurationIsVisible = 0;
			defaultConfigurationName = Release;
		};
		F29B6DB21ADEE1E3005504AE /* Build configuration list for PBXNativeTarget "CreationTests" */ = {
			isa = XCConfigurationList;
			buildConfigurations = (
				F29B6DB31ADEE1E3005504AE /* Debug */,
				F29B6DB41ADEE1E3005504AE /* Release */,
			);
			defaultConfigurationIsVisible = 0;
			defaultConfigurationName = Release;
		};
/* End XCConfigurationList section */
	};
	rootObject = F29B6D861ADEE1E3005504AE /* Project object */;
}
