// !$*UTF8*$!
{
	archiveVersion = 1;
	classes = {
	};
	objectVersion = 46;
	objects = {

/* Begin PBXBuildFile section */
		F21FFA881B5BBB0700890ADE /* HTML in Resources */ = {isa = PBXBuildFile; fileRef = F21FFA871B5BBB0700890ADE /* HTML */; };
		F21FFA891B5BBB0700890ADE /* HTML in Resources */ = {isa = PBXBuildFile; fileRef = F21FFA871B5BBB0700890ADE /* HTML */; };
		F21FFA8A1B5BBB0700890ADE /* HTML in Resources */ = {isa = PBXBuildFile; fileRef = F21FFA871B5BBB0700890ADE /* HTML */; };
		F24777561B5AF9EF003B8E3C /* AppDelegate.swift in Sources */ = {isa = PBXBuildFile; fileRef = F24777551B5AF9EF003B8E3C /* AppDelegate.swift */; };
		F24777581B5AF9EF003B8E3C /* MasterViewController.swift in Sources */ = {isa = PBXBuildFile; fileRef = F24777571B5AF9EF003B8E3C /* MasterViewController.swift */; };
		F247775A1B5AF9EF003B8E3C /* DetailViewController.swift in Sources */ = {isa = PBXBuildFile; fileRef = F24777591B5AF9EF003B8E3C /* DetailViewController.swift */; };
		F247775D1B5AF9EF003B8E3C /* Main.storyboard in Resources */ = {isa = PBXBuildFile; fileRef = F247775B1B5AF9EF003B8E3C /* Main.storyboard */; };
		F247775F1B5AF9EF003B8E3C /* Assets.xcassets in Resources */ = {isa = PBXBuildFile; fileRef = F247775E1B5AF9EF003B8E3C /* Assets.xcassets */; };
		F24777621B5AF9EF003B8E3C /* LaunchScreen.storyboard in Resources */ = {isa = PBXBuildFile; fileRef = F24777601B5AF9EF003B8E3C /* LaunchScreen.storyboard */; };
		F247776D1B5AF9EF003B8E3C /* reCreationTests.swift in Sources */ = {isa = PBXBuildFile; fileRef = F247776C1B5AF9EF003B8E3C /* reCreationTests.swift */; };
		F24777781B5AF9EF003B8E3C /* reCreationUITests.swift in Sources */ = {isa = PBXBuildFile; fileRef = F24777771B5AF9EF003B8E3C /* reCreationUITests.swift */; };
		F24777871B5AFAAD003B8E3C /* MainMenu.swift in Sources */ = {isa = PBXBuildFile; fileRef = F24777861B5AFAAD003B8E3C /* MainMenu.swift */; };
		F24777881B5AFAAD003B8E3C /* MainMenu.swift in Sources */ = {isa = PBXBuildFile; fileRef = F24777861B5AFAAD003B8E3C /* MainMenu.swift */; };
		F24777891B5AFAAD003B8E3C /* MainMenu.swift in Sources */ = {isa = PBXBuildFile; fileRef = F24777861B5AFAAD003B8E3C /* MainMenu.swift */; };
		F24E5EF21B73FFBF00EFC1C3 /* StoryBoardConstants.swift in Sources */ = {isa = PBXBuildFile; fileRef = F24E5EF11B73FFBF00EFC1C3 /* StoryBoardConstants.swift */; };
		F24E5EF31B73FFBF00EFC1C3 /* StoryBoardConstants.swift in Sources */ = {isa = PBXBuildFile; fileRef = F24E5EF11B73FFBF00EFC1C3 /* StoryBoardConstants.swift */; };
		F24E5EF41B73FFBF00EFC1C3 /* StoryBoardConstants.swift in Sources */ = {isa = PBXBuildFile; fileRef = F24E5EF11B73FFBF00EFC1C3 /* StoryBoardConstants.swift */; };
/* End PBXBuildFile section */

/* Begin PBXContainerItemProxy section */
		F24777691B5AF9EF003B8E3C /* PBXContainerItemProxy */ = {
			isa = PBXContainerItemProxy;
			containerPortal = F247774A1B5AF9EF003B8E3C /* Project object */;
			proxyType = 1;
			remoteGlobalIDString = F24777511B5AF9EF003B8E3C;
			remoteInfo = reCreation;
		};
		F24777741B5AF9EF003B8E3C /* PBXContainerItemProxy */ = {
			isa = PBXContainerItemProxy;
			containerPortal = F247774A1B5AF9EF003B8E3C /* Project object */;
			proxyType = 1;
			remoteGlobalIDString = F24777511B5AF9EF003B8E3C;
			remoteInfo = reCreation;
		};
/* End PBXContainerItemProxy section */

/* Begin PBXFileReference section */
		F21FFA871B5BBB0700890ADE /* HTML */ = {isa = PBXFileReference; lastKnownFileType = folder; path = HTML; sourceTree = "<group>"; };
		F24777521B5AF9EF003B8E3C /* reCreation.app */ = {isa = PBXFileReference; explicitFileType = wrapper.application; includeInIndex = 0; path = reCreation.app; sourceTree = BUILT_PRODUCTS_DIR; };
		F24777551B5AF9EF003B8E3C /* AppDelegate.swift */ = {isa = PBXFileReference; lastKnownFileType = sourcecode.swift; path = AppDelegate.swift; sourceTree = "<group>"; };
		F24777571B5AF9EF003B8E3C /* MasterViewController.swift */ = {isa = PBXFileReference; lastKnownFileType = sourcecode.swift; path = MasterViewController.swift; sourceTree = "<group>"; };
		F24777591B5AF9EF003B8E3C /* DetailViewController.swift */ = {isa = PBXFileReference; lastKnownFileType = sourcecode.swift; path = DetailViewController.swift; sourceTree = "<group>"; };
		F247775C1B5AF9EF003B8E3C /* Base */ = {isa = PBXFileReference; lastKnownFileType = file.storyboard; name = Base; path = Base.lproj/Main.storyboard; sourceTree = "<group>"; };
		F247775E1B5AF9EF003B8E3C /* Assets.xcassets */ = {isa = PBXFileReference; lastKnownFileType = folder.assetcatalog; path = Assets.xcassets; sourceTree = "<group>"; };
		F24777611B5AF9EF003B8E3C /* Base */ = {isa = PBXFileReference; lastKnownFileType = file.storyboard; name = Base; path = Base.lproj/LaunchScreen.storyboard; sourceTree = "<group>"; };
		F24777631B5AF9EF003B8E3C /* Info.plist */ = {isa = PBXFileReference; lastKnownFileType = text.plist.xml; path = Info.plist; sourceTree = "<group>"; };
		F24777681B5AF9EF003B8E3C /* reCreationTests.xctest */ = {isa = PBXFileReference; explicitFileType = wrapper.cfbundle; includeInIndex = 0; path = reCreationTests.xctest; sourceTree = BUILT_PRODUCTS_DIR; };
		F247776C1B5AF9EF003B8E3C /* reCreationTests.swift */ = {isa = PBXFileReference; lastKnownFileType = sourcecode.swift; path = reCreationTests.swift; sourceTree = "<group>"; };
		F247776E1B5AF9EF003B8E3C /* Info.plist */ = {isa = PBXFileReference; lastKnownFileType = text.plist.xml; path = Info.plist; sourceTree = "<group>"; };
		F24777731B5AF9EF003B8E3C /* reCreationUITests.xctest */ = {isa = PBXFileReference; explicitFileType = wrapper.cfbundle; includeInIndex = 0; path = reCreationUITests.xctest; sourceTree = BUILT_PRODUCTS_DIR; };
		F24777771B5AF9EF003B8E3C /* reCreationUITests.swift */ = {isa = PBXFileReference; lastKnownFileType = sourcecode.swift; path = reCreationUITests.swift; sourceTree = "<group>"; };
		F24777791B5AF9EF003B8E3C /* Info.plist */ = {isa = PBXFileReference; lastKnownFileType = text.plist.xml; path = Info.plist; sourceTree = "<group>"; };
		F24777861B5AFAAD003B8E3C /* MainMenu.swift */ = {isa = PBXFileReference; fileEncoding = 4; lastKnownFileType = sourcecode.swift; name = MainMenu.swift; path = ViewModel/MainMenu.swift; sourceTree = "<group>"; };
		F24E5EF11B73FFBF00EFC1C3 /* StoryBoardConstants.swift */ = {isa = PBXFileReference; fileEncoding = 4; lastKnownFileType = sourcecode.swift; name = StoryBoardConstants.swift; path = View/StoryBoardConstants.swift; sourceTree = "<group>"; };
/* End PBXFileReference section */

/* Begin PBXFrameworksBuildPhase section */
		F247774F1B5AF9EF003B8E3C /* Frameworks */ = {
			isa = PBXFrameworksBuildPhase;
			buildActionMask = 2147483647;
			files = (
			);
			runOnlyForDeploymentPostprocessing = 0;
		};
		F24777651B5AF9EF003B8E3C /* Frameworks */ = {
			isa = PBXFrameworksBuildPhase;
			buildActionMask = 2147483647;
			files = (
			);
			runOnlyForDeploymentPostprocessing = 0;
		};
		F24777701B5AF9EF003B8E3C /* Frameworks */ = {
			isa = PBXFrameworksBuildPhase;
			buildActionMask = 2147483647;
			files = (
			);
			runOnlyForDeploymentPostprocessing = 0;
		};
/* End PBXFrameworksBuildPhase section */

/* Begin PBXGroup section */
		F24777491B5AF9EF003B8E3C = {
			isa = PBXGroup;
			children = (
				F24E5EF01B73FF8800EFC1C3 /* View */,
				F21FFA871B5BBB0700890ADE /* HTML */,
				F24777851B5AFA7F003B8E3C /* View Model */,
				F24777541B5AF9EF003B8E3C /* reCreation */,
				F247776B1B5AF9EF003B8E3C /* reCreationTests */,
				F24777761B5AF9EF003B8E3C /* reCreationUITests */,
				F24777531B5AF9EF003B8E3C /* Products */,
			);
			sourceTree = "<group>";
		};
		F24777531B5AF9EF003B8E3C /* Products */ = {
			isa = PBXGroup;
			children = (
				F24777521B5AF9EF003B8E3C /* reCreation.app */,
				F24777681B5AF9EF003B8E3C /* reCreationTests.xctest */,
				F24777731B5AF9EF003B8E3C /* reCreationUITests.xctest */,
			);
			name = Products;
			sourceTree = "<group>";
		};
		F24777541B5AF9EF003B8E3C /* reCreation */ = {
			isa = PBXGroup;
			children = (
				F24777551B5AF9EF003B8E3C /* AppDelegate.swift */,
				F24777571B5AF9EF003B8E3C /* MasterViewController.swift */,
				F24777591B5AF9EF003B8E3C /* DetailViewController.swift */,
				F247775B1B5AF9EF003B8E3C /* Main.storyboard */,
				F247775E1B5AF9EF003B8E3C /* Assets.xcassets */,
				F24777601B5AF9EF003B8E3C /* LaunchScreen.storyboard */,
				F24777631B5AF9EF003B8E3C /* Info.plist */,
			);
			path = reCreation;
			sourceTree = "<group>";
		};
		F247776B1B5AF9EF003B8E3C /* reCreationTests */ = {
			isa = PBXGroup;
			children = (
				F247776C1B5AF9EF003B8E3C /* reCreationTests.swift */,
				F247776E1B5AF9EF003B8E3C /* Info.plist */,
			);
			path = reCreationTests;
			sourceTree = "<group>";
		};
		F24777761B5AF9EF003B8E3C /* reCreationUITests */ = {
			isa = PBXGroup;
			children = (
				F24777771B5AF9EF003B8E3C /* reCreationUITests.swift */,
				F24777791B5AF9EF003B8E3C /* Info.plist */,
			);
			path = reCreationUITests;
			sourceTree = "<group>";
		};
		F24777851B5AFA7F003B8E3C /* View Model */ = {
			isa = PBXGroup;
			children = (
				F24777861B5AFAAD003B8E3C /* MainMenu.swift */,
			);
			name = "View Model";
			sourceTree = "<group>";
		};
		F24E5EF01B73FF8800EFC1C3 /* View */ = {
			isa = PBXGroup;
			children = (
				F24E5EF11B73FFBF00EFC1C3 /* StoryBoardConstants.swift */,
			);
			name = View;
			sourceTree = "<group>";
		};
/* End PBXGroup section */

/* Begin PBXNativeTarget section */
		F24777511B5AF9EF003B8E3C /* reCreation */ = {
			isa = PBXNativeTarget;
			buildConfigurationList = F247777C1B5AF9EF003B8E3C /* Build configuration list for PBXNativeTarget "reCreation" */;
			buildPhases = (
				F247774E1B5AF9EF003B8E3C /* Sources */,
				F247774F1B5AF9EF003B8E3C /* Frameworks */,
				F24777501B5AF9EF003B8E3C /* Resources */,
			);
			buildRules = (
			);
			dependencies = (
			);
			name = reCreation;
			productName = reCreation;
			productReference = F24777521B5AF9EF003B8E3C /* reCreation.app */;
			productType = "com.apple.product-type.application";
		};
		F24777671B5AF9EF003B8E3C /* reCreationTests */ = {
			isa = PBXNativeTarget;
			buildConfigurationList = F247777F1B5AF9EF003B8E3C /* Build configuration list for PBXNativeTarget "reCreationTests" */;
			buildPhases = (
				F24777641B5AF9EF003B8E3C /* Sources */,
				F24777651B5AF9EF003B8E3C /* Frameworks */,
				F24777661B5AF9EF003B8E3C /* Resources */,
			);
			buildRules = (
			);
			dependencies = (
				F247776A1B5AF9EF003B8E3C /* PBXTargetDependency */,
			);
			name = reCreationTests;
			productName = reCreationTests;
			productReference = F24777681B5AF9EF003B8E3C /* reCreationTests.xctest */;
			productType = "com.apple.product-type.bundle.unit-test";
		};
		F24777721B5AF9EF003B8E3C /* reCreationUITests */ = {
			isa = PBXNativeTarget;
			buildConfigurationList = F24777821B5AF9EF003B8E3C /* Build configuration list for PBXNativeTarget "reCreationUITests" */;
			buildPhases = (
				F247776F1B5AF9EF003B8E3C /* Sources */,
				F24777701B5AF9EF003B8E3C /* Frameworks */,
				F24777711B5AF9EF003B8E3C /* Resources */,
			);
			buildRules = (
			);
			dependencies = (
				F24777751B5AF9EF003B8E3C /* PBXTargetDependency */,
			);
			name = reCreationUITests;
			productName = reCreationUITests;
			productReference = F24777731B5AF9EF003B8E3C /* reCreationUITests.xctest */;
			productType = "com.apple.product-type.bundle.ui-testing";
		};
/* End PBXNativeTarget section */

/* Begin PBXProject section */
		F247774A1B5AF9EF003B8E3C /* Project object */ = {
			isa = PBXProject;
			attributes = {
				LastUpgradeCheck = 0700;
				ORGANIZATIONNAME = "Creagh Creations";
				TargetAttributes = {
					F24777511B5AF9EF003B8E3C = {
						CreatedOnToolsVersion = 7.0;
					};
					F24777671B5AF9EF003B8E3C = {
						CreatedOnToolsVersion = 7.0;
						TestTargetID = F24777511B5AF9EF003B8E3C;
					};
					F24777721B5AF9EF003B8E3C = {
						CreatedOnToolsVersion = 7.0;
						TestTargetID = F24777511B5AF9EF003B8E3C;
					};
				};
			};
			buildConfigurationList = F247774D1B5AF9EF003B8E3C /* Build configuration list for PBXProject "reCreation" */;
			compatibilityVersion = "Xcode 3.2";
			developmentRegion = English;
			hasScannedForEncodings = 0;
			knownRegions = (
				en,
				Base,
			);
			mainGroup = F24777491B5AF9EF003B8E3C;
			productRefGroup = F24777531B5AF9EF003B8E3C /* Products */;
			projectDirPath = "";
			projectRoot = "";
			targets = (
				F24777511B5AF9EF003B8E3C /* reCreation */,
				F24777671B5AF9EF003B8E3C /* reCreationTests */,
				F24777721B5AF9EF003B8E3C /* reCreationUITests */,
			);
		};
/* End PBXProject section */

/* Begin PBXResourcesBuildPhase section */
		F24777501B5AF9EF003B8E3C /* Resources */ = {
			isa = PBXResourcesBuildPhase;
			buildActionMask = 2147483647;
			files = (
				F24777621B5AF9EF003B8E3C /* LaunchScreen.storyboard in Resources */,
				F21FFA881B5BBB0700890ADE /* HTML in Resources */,
				F247775F1B5AF9EF003B8E3C /* Assets.xcassets in Resources */,
				F247775D1B5AF9EF003B8E3C /* Main.storyboard in Resources */,
			);
			runOnlyForDeploymentPostprocessing = 0;
		};
		F24777661B5AF9EF003B8E3C /* Resources */ = {
			isa = PBXResourcesBuildPhase;
			buildActionMask = 2147483647;
			files = (
				F21FFA891B5BBB0700890ADE /* HTML in Resources */,
			);
			runOnlyForDeploymentPostprocessing = 0;
		};
		F24777711B5AF9EF003B8E3C /* Resources */ = {
			isa = PBXResourcesBuildPhase;
			buildActionMask = 2147483647;
			files = (
				F21FFA8A1B5BBB0700890ADE /* HTML in Resources */,
			);
			runOnlyForDeploymentPostprocessing = 0;
		};
/* End PBXResourcesBuildPhase section */

/* Begin PBXSourcesBuildPhase section */
		F247774E1B5AF9EF003B8E3C /* Sources */ = {
			isa = PBXSourcesBuildPhase;
			buildActionMask = 2147483647;
			files = (
				F24E5EF21B73FFBF00EFC1C3 /* StoryBoardConstants.swift in Sources */,
				F247775A1B5AF9EF003B8E3C /* DetailViewController.swift in Sources */,
				F24777581B5AF9EF003B8E3C /* MasterViewController.swift in Sources */,
				F24777561B5AF9EF003B8E3C /* AppDelegate.swift in Sources */,
				F24777871B5AFAAD003B8E3C /* MainMenu.swift in Sources */,
			);
			runOnlyForDeploymentPostprocessing = 0;
		};
		F24777641B5AF9EF003B8E3C /* Sources */ = {
			isa = PBXSourcesBuildPhase;
			buildActionMask = 2147483647;
			files = (
				F247776D1B5AF9EF003B8E3C /* reCreationTests.swift in Sources */,
				F24E5EF31B73FFBF00EFC1C3 /* StoryBoardConstants.swift in Sources */,
				F24777881B5AFAAD003B8E3C /* MainMenu.swift in Sources */,
			);
			runOnlyForDeploymentPostprocessing = 0;
		};
		F247776F1B5AF9EF003B8E3C /* Sources */ = {
			isa = PBXSourcesBuildPhase;
			buildActionMask = 2147483647;
			files = (
				F24777781B5AF9EF003B8E3C /* reCreationUITests.swift in Sources */,
				F24E5EF41B73FFBF00EFC1C3 /* StoryBoardConstants.swift in Sources */,
				F24777891B5AFAAD003B8E3C /* MainMenu.swift in Sources */,
			);
			runOnlyForDeploymentPostprocessing = 0;
		};
/* End PBXSourcesBuildPhase section */

/* Begin PBXTargetDependency section */
		F247776A1B5AF9EF003B8E3C /* PBXTargetDependency */ = {
			isa = PBXTargetDependency;
			target = F24777511B5AF9EF003B8E3C /* reCreation */;
			targetProxy = F24777691B5AF9EF003B8E3C /* PBXContainerItemProxy */;
		};
		F24777751B5AF9EF003B8E3C /* PBXTargetDependency */ = {
			isa = PBXTargetDependency;
			target = F24777511B5AF9EF003B8E3C /* reCreation */;
			targetProxy = F24777741B5AF9EF003B8E3C /* PBXContainerItemProxy */;
		};
/* End PBXTargetDependency section */

/* Begin PBXVariantGroup section */
		F247775B1B5AF9EF003B8E3C /* Main.storyboard */ = {
			isa = PBXVariantGroup;
			children = (
				F247775C1B5AF9EF003B8E3C /* Base */,
			);
			name = Main.storyboard;
			sourceTree = "<group>";
		};
		F24777601B5AF9EF003B8E3C /* LaunchScreen.storyboard */ = {
			isa = PBXVariantGroup;
			children = (
				F24777611B5AF9EF003B8E3C /* Base */,
			);
			name = LaunchScreen.storyboard;
			sourceTree = "<group>";
		};
/* End PBXVariantGroup section */

/* Begin XCBuildConfiguration section */
		F247777A1B5AF9EF003B8E3C /* Debug */ = {
			isa = XCBuildConfiguration;
			buildSettings = {
				ALWAYS_SEARCH_USER_PATHS = NO;
				CLANG_CXX_LANGUAGE_STANDARD = "gnu++0x";
				CLANG_CXX_LIBRARY = "libc++";
				CLANG_ENABLE_MODULES = YES;
				CLANG_ENABLE_OBJC_ARC = YES;
				CLANG_WARN_BOOL_CONVERSION = YES;
				CLANG_WARN_CONSTANT_CONVERSION = YES;
				CLANG_WARN_DIRECT_OBJC_ISA_USAGE = YES_ERROR;
				CLANG_WARN_EMPTY_BODY = YES;
				CLANG_WARN_ENUM_CONVERSION = YES;
				CLANG_WARN_INT_CONVERSION = YES;
				CLANG_WARN_OBJC_ROOT_CLASS = YES_ERROR;
				CLANG_WARN_UNREACHABLE_CODE = YES;
				CLANG_WARN__DUPLICATE_METHOD_MATCH = YES;
				"CODE_SIGN_IDENTITY[sdk=iphoneos*]" = "iPhone Developer";
				COPY_PHASE_STRIP = NO;
				DEBUG_INFORMATION_FORMAT = dwarf;
				ENABLE_STRICT_OBJC_MSGSEND = YES;
				ENABLE_TESTABILITY = YES;
				GCC_C_LANGUAGE_STANDARD = gnu99;
				GCC_DYNAMIC_NO_PIC = NO;
				GCC_NO_COMMON_BLOCKS = YES;
				GCC_OPTIMIZATION_LEVEL = 0;
				GCC_PREPROCESSOR_DEFINITIONS = (
					"DEBUG=1",
					"$(inherited)",
				);
				GCC_WARN_64_TO_32_BIT_CONVERSION = YES;
				GCC_WARN_ABOUT_RETURN_TYPE = YES_ERROR;
				GCC_WARN_UNDECLARED_SELECTOR = YES;
				GCC_WARN_UNINITIALIZED_AUTOS = YES_AGGRESSIVE;
				GCC_WARN_UNUSED_FUNCTION = YES;
				GCC_WARN_UNUSED_VARIABLE = YES;
				IPHONEOS_DEPLOYMENT_TARGET = 9.0;
				MTL_ENABLE_DEBUG_INFO = YES;
				ONLY_ACTIVE_ARCH = YES;
				SDKROOT = iphoneos;
				SWIFT_OPTIMIZATION_LEVEL = "-Onone";
				TARGETED_DEVICE_FAMILY = "1,2";
			};
			name = Debug;
		};
		F247777B1B5AF9EF003B8E3C /* Release */ = {
			isa = XCBuildConfiguration;
			buildSettings = {
				ALWAYS_SEARCH_USER_PATHS = NO;
				CLANG_CXX_LANGUAGE_STANDARD = "gnu++0x";
				CLANG_CXX_LIBRARY = "libc++";
				CLANG_ENABLE_MODULES = YES;
				CLANG_ENABLE_OBJC_ARC = YES;
				CLANG_WARN_BOOL_CONVERSION = YES;
				CLANG_WARN_CONSTANT_CONVERSION = YES;
				CLANG_WARN_DIRECT_OBJC_ISA_USAGE = YES_ERROR;
				CLANG_WARN_EMPTY_BODY = YES;
				CLANG_WARN_ENUM_CONVERSION = YES;
				CLANG_WARN_INT_CONVERSION = YES;
				CLANG_WARN_OBJC_ROOT_CLASS = YES_ERROR;
				CLANG_WARN_UNREACHABLE_CODE = YES;
				CLANG_WARN__DUPLICATE_METHOD_MATCH = YES;
				"CODE_SIGN_IDENTITY[sdk=iphoneos*]" = "iPhone Developer";
				COPY_PHASE_STRIP = NO;
				DEBUG_INFORMATION_FORMAT = "dwarf-with-dsym";
				ENABLE_NS_ASSERTIONS = NO;
				ENABLE_STRICT_OBJC_MSGSEND = YES;
				GCC_C_LANGUAGE_STANDARD = gnu99;
				GCC_NO_COMMON_BLOCKS = YES;
				GCC_WARN_64_TO_32_BIT_CONVERSION = YES;
				GCC_WARN_ABOUT_RETURN_TYPE = YES_ERROR;
				GCC_WARN_UNDECLARED_SELECTOR = YES;
				GCC_WARN_UNINITIALIZED_AUTOS = YES_AGGRESSIVE;
				GCC_WARN_UNUSED_FUNCTION = YES;
				GCC_WARN_UNUSED_VARIABLE = YES;
				IPHONEOS_DEPLOYMENT_TARGET = 9.0;
				MTL_ENABLE_DEBUG_INFO = NO;
				SDKROOT = iphoneos;
				TARGETED_DEVICE_FAMILY = "1,2";
				VALIDATE_PRODUCT = YES;
			};
			name = Release;
		};
		F247777D1B5AF9EF003B8E3C /* Debug */ = {
			isa = XCBuildConfiguration;
			buildSettings = {
				ASSETCATALOG_COMPILER_APPICON_NAME = AppIcon;
				INFOPLIST_FILE = reCreation/Info.plist;
				LD_RUNPATH_SEARCH_PATHS = "$(inherited) @executable_path/Frameworks";
				PRODUCT_BUNDLE_IDENTIFIER = com.creagh.reCreation;
				PRODUCT_NAME = "$(TARGET_NAME)";
			};
			name = Debug;
		};
		F247777E1B5AF9EF003B8E3C /* Release */ = {
			isa = XCBuildConfiguration;
			buildSettings = {
				ASSETCATALOG_COMPILER_APPICON_NAME = AppIcon;
				INFOPLIST_FILE = reCreation/Info.plist;
				LD_RUNPATH_SEARCH_PATHS = "$(inherited) @executable_path/Frameworks";
				PRODUCT_BUNDLE_IDENTIFIER = com.creagh.reCreation;
				PRODUCT_NAME = "$(TARGET_NAME)";
			};
			name = Release;
		};
		F24777801B5AF9EF003B8E3C /* Debug */ = {
			isa = XCBuildConfiguration;
			buildSettings = {
				BUNDLE_LOADER = "$(TEST_HOST)";
				INFOPLIST_FILE = reCreationTests/Info.plist;
				LD_RUNPATH_SEARCH_PATHS = "$(inherited) @executable_path/Frameworks @loader_path/Frameworks";
				PRODUCT_BUNDLE_IDENTIFIER = com.creagh.reCreationTests;
				PRODUCT_NAME = "$(TARGET_NAME)";
				TEST_HOST = "$(BUILT_PRODUCTS_DIR)/reCreation.app/reCreation";
			};
			name = Debug;
		};
		F24777811B5AF9EF003B8E3C /* Release */ = {
			isa = XCBuildConfiguration;
			buildSettings = {
				BUNDLE_LOADER = "$(TEST_HOST)";
				INFOPLIST_FILE = reCreationTests/Info.plist;
				LD_RUNPATH_SEARCH_PATHS = "$(inherited) @executable_path/Frameworks @loader_path/Frameworks";
				PRODUCT_BUNDLE_IDENTIFIER = com.creagh.reCreationTests;
				PRODUCT_NAME = "$(TARGET_NAME)";
				TEST_HOST = "$(BUILT_PRODUCTS_DIR)/reCreation.app/reCreation";
			};
			name = Release;
		};
		F24777831B5AF9EF003B8E3C /* Debug */ = {
			isa = XCBuildConfiguration;
			buildSettings = {
				INFOPLIST_FILE = reCreationUITests/Info.plist;
				LD_RUNPATH_SEARCH_PATHS = "$(inherited) @executable_path/Frameworks @loader_path/Frameworks";
				PRODUCT_BUNDLE_IDENTIFIER = com.creagh.reCreationUITests;
				PRODUCT_NAME = "$(TARGET_NAME)";
				TEST_TARGET_NAME = reCreation;
				USES_XCTRUNNER = YES;
			};
			name = Debug;
		};
		F24777841B5AF9EF003B8E3C /* Release */ = {
			isa = XCBuildConfiguration;
			buildSettings = {
				INFOPLIST_FILE = reCreationUITests/Info.plist;
				LD_RUNPATH_SEARCH_PATHS = "$(inherited) @executable_path/Frameworks @loader_path/Frameworks";
				PRODUCT_BUNDLE_IDENTIFIER = com.creagh.reCreationUITests;
				PRODUCT_NAME = "$(TARGET_NAME)";
				TEST_TARGET_NAME = reCreation;
				USES_XCTRUNNER = YES;
			};
			name = Release;
		};
/* End XCBuildConfiguration section */

/* Begin XCConfigurationList section */
		F247774D1B5AF9EF003B8E3C /* Build configuration list for PBXProject "reCreation" */ = {
			isa = XCConfigurationList;
			buildConfigurations = (
				F247777A1B5AF9EF003B8E3C /* Debug */,
				F247777B1B5AF9EF003B8E3C /* Release */,
			);
			defaultConfigurationIsVisible = 0;
			defaultConfigurationName = Release;
		};
		F247777C1B5AF9EF003B8E3C /* Build configuration list for PBXNativeTarget "reCreation" */ = {
			isa = XCConfigurationList;
			buildConfigurations = (
				F247777D1B5AF9EF003B8E3C /* Debug */,
				F247777E1B5AF9EF003B8E3C /* Release */,
			);
			defaultConfigurationIsVisible = 0;
			defaultConfigurationName = Release;
		};
		F247777F1B5AF9EF003B8E3C /* Build configuration list for PBXNativeTarget "reCreationTests" */ = {
			isa = XCConfigurationList;
			buildConfigurations = (
				F24777801B5AF9EF003B8E3C /* Debug */,
				F24777811B5AF9EF003B8E3C /* Release */,
			);
			defaultConfigurationIsVisible = 0;
			defaultConfigurationName = Release;
		};
		F24777821B5AF9EF003B8E3C /* Build configuration list for PBXNativeTarget "reCreationUITests" */ = {
			isa = XCConfigurationList;
			buildConfigurations = (
				F24777831B5AF9EF003B8E3C /* Debug */,
				F24777841B5AF9EF003B8E3C /* Release */,
			);
			defaultConfigurationIsVisible = 0;
			defaultConfigurationName = Release;
		};
/* End XCConfigurationList section */
	};
	rootObject = F247774A1B5AF9EF003B8E3C /* Project object */;
}
